
Microsoft Visual Studio Solution File, Format Version 12.00
# Visual Studio Version 17
VisualStudioVersion = 17.0.31521.260
MinimumVisualStudioVersion = 10.0.40219.1
Project("{FAE04EC0-301F-11D3-BF4B-00C04F79EFBC}") = "Tota.SharedKernel", "Tota.SharedKernel\Tota.SharedKernel.csproj", "{25DFA4B7-3FEF-4267-AE56-C2874C6D1C9D}"
EndProject
Project("{FAE04EC0-301F-11D3-BF4B-00C04F79EFBC}") = "Tota.SharedKernel.Test", "Tota.SharedKernel.Test\Tota.SharedKernel.Test.csproj", "{8B9D5F5A-B5D5-4E8C-ACF8-362F5E477B31}"
EndProject
Global
	GlobalSection(SolutionConfigurationPlatforms) = preSolution
		Debug|Any CPU = Debug|Any CPU
		Release|Any CPU = Release|Any CPU
	EndGlobalSection
	GlobalSection(ProjectConfigurationPlatforms) = postSolution
		{25DFA4B7-3FEF-4267-AE56-C2874C6D1C9D}.Debug|Any CPU.ActiveCfg = Debug|Any CPU
		{25DFA4B7-3FEF-4267-AE56-C2874C6D1C9D}.Debug|Any CPU.Build.0 = Debug|Any CPU
		{25DFA4B7-3FEF-4267-AE56-C2874C6D1C9D}.Release|Any CPU.ActiveCfg = Release|Any CPU
		{25DFA4B7-3FEF-4267-AE56-C2874C6D1C9D}.Release|Any CPU.Build.0 = Release|Any CPU
		{8B9D5F5A-B5D5-4E8C-ACF8-362F5E477B31}.Debug|Any CPU.ActiveCfg = Debug|Any CPU
		{8B9D5F5A-B5D5-4E8C-ACF8-362F5E477B31}.Debug|Any CPU.Build.0 = Debug|Any CPU
		{8B9D5F5A-B5D5-4E8C-ACF8-362F5E477B31}.Release|Any CPU.ActiveCfg = Release|Any CPU
		{8B9D5F5A-B5D5-4E8C-ACF8-362F5E477B31}.Release|Any CPU.Build.0 = Release|Any CPU
	EndGlobalSection
	GlobalSection(SolutionProperties) = preSolution
		HideSolutionNode = FALSE
	EndGlobalSection
	GlobalSection(ExtensibilityGlobals) = postSolution
		SolutionGuid = {C3EFF6D6-5B1D-4C9A-BB97-A13BEBAE282F}
	EndGlobalSection
EndGlobal
